
Microsoft Visual Studio Solution File, Format Version 12.00
# Visual Studio Version 17
VisualStudioVersion = 17.0.31919.166
MinimumVisualStudioVersion = 10.0.40219.1
Project("{9A19103F-16F7-4668-BE54-9A1E7A4F7556}") = "ERP.UI.Margin", "ERP.UI.Margin\ERP.UI.Margin.csproj", "{F37741EF-4AF6-485D-A65E-0E6BCAE0E743}"
EndProject
Project("{9A19103F-16F7-4668-BE54-9A1E7A4F7556}") = "ERP.UI", "ERP.UI\ERP.UI.csproj", "{19BC0E7F-810A-4CA7-834C-CDB46A031588}"
EndProject
Project("{9A19103F-16F7-4668-BE54-9A1E7A4F7556}") = "ERP.Models.Margin", "ERP.Models.Margin\ERP.Models.Margin.csproj", "{06AFA82D-438D-4461-B1C8-67CD3B16ED74}"
EndProject
Project("{9A19103F-16F7-4668-BE54-9A1E7A4F7556}") = "ERP.UITest", "ERP.UITest\ERP.UITest.csproj", "{AC476C5C-4455-4622-831B-75CE9704A158}"
EndProject
Project("{2150E333-8FDC-42A3-9474-1A3956D46DE8}") = "Tests", "Tests", "{6563A206-670C-4E07-9784-49590D2380A1}"
EndProject
Project("{9A19103F-16F7-4668-BE54-9A1E7A4F7556}") = "ERP.Common", "ERP.Common\ERP.Common.csproj", "{C52E6BC6-5E3D-485B-92C6-894241B77D31}"
EndProject
Project("{9A19103F-16F7-4668-BE54-9A1E7A4F7556}") = "ERP.CommonTest", "ERP.CommonTest\ERP.CommonTest.csproj", "{C347BF28-E0D5-48C9-9804-54723E22CAC6}"
EndProject
Project("{9A19103F-16F7-4668-BE54-9A1E7A4F7556}") = "ERP.UI.Common", "ERP.UI.Common\ERP.UI.Common.csproj", "{949758B0-B2D3-44B5-9127-4C5F211A4DC7}"
EndProject
Project("{9A19103F-16F7-4668-BE54-9A1E7A4F7556}") = "ERP.UI.MarginTest", "ERP.UI.MarginTest\ERP.UI.MarginTest.csproj", "{CF80D4C0-4FE6-4F0A-A005-64235DFBF2CF}"
EndProject
Project("{9A19103F-16F7-4668-BE54-9A1E7A4F7556}") = "ERP.UI.CommonTest", "ERP.UI.CommonTest\ERP.UI.CommonTest.csproj", "{F896EDDB-AED0-460C-8583-B657D76D9501}"
EndProject
Project("{54435603-DBB4-11D2-8724-00A0C9A8B90C}") = "Setup", "Setup\Setup.vdproj", "{90A3EBD0-D129-4FC4-8023-20BEEA8A5CD2}"
EndProject
Project("{9A19103F-16F7-4668-BE54-9A1E7A4F7556}") = "ERP.UI.Demo", "ERP.UI.Demo\ERP.UI.Demo.csproj", "{9E89A41C-3C81-4D37-ABB0-B85898B9A625}"
EndProject
Project("{FAE04EC0-301F-11D3-BF4B-00C04F79EFBC}") = "DebugLauncher", "DebugLauncher\DebugLauncher.csproj", "{7DCB1600-21BE-42BC-B47D-0D469552FE91}"
EndProject
Global
	GlobalSection(SolutionConfigurationPlatforms) = preSolution
		Debug|Any CPU = Debug|Any CPU
		Release|Any CPU = Release|Any CPU
	EndGlobalSection
	GlobalSection(ProjectConfigurationPlatforms) = postSolution
		{F37741EF-4AF6-485D-A65E-0E6BCAE0E743}.Debug|Any CPU.ActiveCfg = Debug|Any CPU
		{F37741EF-4AF6-485D-A65E-0E6BCAE0E743}.Debug|Any CPU.Build.0 = Debug|Any CPU
		{F37741EF-4AF6-485D-A65E-0E6BCAE0E743}.Release|Any CPU.ActiveCfg = Release|Any CPU
		{F37741EF-4AF6-485D-A65E-0E6BCAE0E743}.Release|Any CPU.Build.0 = Release|Any CPU
		{19BC0E7F-810A-4CA7-834C-CDB46A031588}.Debug|Any CPU.ActiveCfg = Debug|Any CPU
		{19BC0E7F-810A-4CA7-834C-CDB46A031588}.Debug|Any CPU.Build.0 = Debug|Any CPU
		{19BC0E7F-810A-4CA7-834C-CDB46A031588}.Release|Any CPU.ActiveCfg = Release|Any CPU
		{19BC0E7F-810A-4CA7-834C-CDB46A031588}.Release|Any CPU.Build.0 = Release|Any CPU
		{06AFA82D-438D-4461-B1C8-67CD3B16ED74}.Debug|Any CPU.ActiveCfg = Debug|Any CPU
		{06AFA82D-438D-4461-B1C8-67CD3B16ED74}.Debug|Any CPU.Build.0 = Debug|Any CPU
		{06AFA82D-438D-4461-B1C8-67CD3B16ED74}.Release|Any CPU.ActiveCfg = Release|Any CPU
		{06AFA82D-438D-4461-B1C8-67CD3B16ED74}.Release|Any CPU.Build.0 = Release|Any CPU
		{AC476C5C-4455-4622-831B-75CE9704A158}.Debug|Any CPU.ActiveCfg = Debug|Any CPU
		{AC476C5C-4455-4622-831B-75CE9704A158}.Debug|Any CPU.Build.0 = Debug|Any CPU
		{AC476C5C-4455-4622-831B-75CE9704A158}.Release|Any CPU.ActiveCfg = Release|Any CPU
		{AC476C5C-4455-4622-831B-75CE9704A158}.Release|Any CPU.Build.0 = Release|Any CPU
		{C52E6BC6-5E3D-485B-92C6-894241B77D31}.Debug|Any CPU.ActiveCfg = Debug|Any CPU
		{C52E6BC6-5E3D-485B-92C6-894241B77D31}.Debug|Any CPU.Build.0 = Debug|Any CPU
		{C52E6BC6-5E3D-485B-92C6-894241B77D31}.Release|Any CPU.ActiveCfg = Release|Any CPU
		{C52E6BC6-5E3D-485B-92C6-894241B77D31}.Release|Any CPU.Build.0 = Release|Any CPU
		{C347BF28-E0D5-48C9-9804-54723E22CAC6}.Debug|Any CPU.ActiveCfg = Debug|Any CPU
		{C347BF28-E0D5-48C9-9804-54723E22CAC6}.Debug|Any CPU.Build.0 = Debug|Any CPU
		{C347BF28-E0D5-48C9-9804-54723E22CAC6}.Release|Any CPU.ActiveCfg = Release|Any CPU
		{C347BF28-E0D5-48C9-9804-54723E22CAC6}.Release|Any CPU.Build.0 = Release|Any CPU
		{949758B0-B2D3-44B5-9127-4C5F211A4DC7}.Debug|Any CPU.ActiveCfg = Debug|Any CPU
		{949758B0-B2D3-44B5-9127-4C5F211A4DC7}.Debug|Any CPU.Build.0 = Debug|Any CPU
		{949758B0-B2D3-44B5-9127-4C5F211A4DC7}.Release|Any CPU.ActiveCfg = Release|Any CPU
		{949758B0-B2D3-44B5-9127-4C5F211A4DC7}.Release|Any CPU.Build.0 = Release|Any CPU
		{CF80D4C0-4FE6-4F0A-A005-64235DFBF2CF}.Debug|Any CPU.ActiveCfg = Debug|Any CPU
		{CF80D4C0-4FE6-4F0A-A005-64235DFBF2CF}.Debug|Any CPU.Build.0 = Debug|Any CPU
		{CF80D4C0-4FE6-4F0A-A005-64235DFBF2CF}.Release|Any CPU.ActiveCfg = Release|Any CPU
		{CF80D4C0-4FE6-4F0A-A005-64235DFBF2CF}.Release|Any CPU.Build.0 = Release|Any CPU
		{F896EDDB-AED0-460C-8583-B657D76D9501}.Debug|Any CPU.ActiveCfg = Debug|Any CPU
		{F896EDDB-AED0-460C-8583-B657D76D9501}.Debug|Any CPU.Build.0 = Debug|Any CPU
		{F896EDDB-AED0-460C-8583-B657D76D9501}.Release|Any CPU.ActiveCfg = Release|Any CPU
		{F896EDDB-AED0-460C-8583-B657D76D9501}.Release|Any CPU.Build.0 = Release|Any CPU
		{90A3EBD0-D129-4FC4-8023-20BEEA8A5CD2}.Debug|Any CPU.ActiveCfg = Debug
		{90A3EBD0-D129-4FC4-8023-20BEEA8A5CD2}.Release|Any CPU.ActiveCfg = Release
		{9E89A41C-3C81-4D37-ABB0-B85898B9A625}.Debug|Any CPU.ActiveCfg = Debug|Any CPU
		{9E89A41C-3C81-4D37-ABB0-B85898B9A625}.Debug|Any CPU.Build.0 = Debug|Any CPU
		{9E89A41C-3C81-4D37-ABB0-B85898B9A625}.Release|Any CPU.ActiveCfg = Release|Any CPU
		{9E89A41C-3C81-4D37-ABB0-B85898B9A625}.Release|Any CPU.Build.0 = Release|Any CPU
		{7DCB1600-21BE-42BC-B47D-0D469552FE91}.Debug|Any CPU.ActiveCfg = Debug|Any CPU
		{7DCB1600-21BE-42BC-B47D-0D469552FE91}.Debug|Any CPU.Build.0 = Debug|Any CPU
		{7DCB1600-21BE-42BC-B47D-0D469552FE91}.Release|Any CPU.ActiveCfg = Release|Any CPU
		{7DCB1600-21BE-42BC-B47D-0D469552FE91}.Release|Any CPU.Build.0 = Release|Any CPU
	EndGlobalSection
	GlobalSection(SolutionProperties) = preSolution
		HideSolutionNode = FALSE
	EndGlobalSection
	GlobalSection(NestedProjects) = preSolution
		{AC476C5C-4455-4622-831B-75CE9704A158} = {6563A206-670C-4E07-9784-49590D2380A1}
		{C347BF28-E0D5-48C9-9804-54723E22CAC6} = {6563A206-670C-4E07-9784-49590D2380A1}
		{CF80D4C0-4FE6-4F0A-A005-64235DFBF2CF} = {6563A206-670C-4E07-9784-49590D2380A1}
		{F896EDDB-AED0-460C-8583-B657D76D9501} = {6563A206-670C-4E07-9784-49590D2380A1}
		{7DCB1600-21BE-42BC-B47D-0D469552FE91} = {6563A206-670C-4E07-9784-49590D2380A1}
	EndGlobalSection
	GlobalSection(ExtensibilityGlobals) = postSolution
		SolutionGuid = {6105010B-7B87-49E2-9C63-C9D2374A6463}
	EndGlobalSection
EndGlobal
